
Microsoft Visual Studio Solution File, Format Version 12.00
# Visual Studio 15
VisualStudioVersion = 15.0.28307.572
MinimumVisualStudioVersion = 10.0.40219.1
Project("{FAE04EC0-301F-11D3-BF4B-00C04F79EFBC}") = "ProjectCadmium.Model", "ProjectCadmium.Data\ProjectCadmium.Model.csproj", "{6C0B1E26-D39D-4531-865D-640BD57B6E2F}"
EndProject
Project("{FAE04EC0-301F-11D3-BF4B-00C04F79EFBC}") = "ProjectCadmium.Test", "ProjectCadmium.Test\ProjectCadmium.Test.csproj", "{0603C85E-DEEC-4099-85F7-EC1570A43AFE}"
EndProject
Global
	GlobalSection(SolutionConfigurationPlatforms) = preSolution
		Debug|Any CPU = Debug|Any CPU
		Release|Any CPU = Release|Any CPU
	EndGlobalSection
	GlobalSection(ProjectConfigurationPlatforms) = postSolution
		{6C0B1E26-D39D-4531-865D-640BD57B6E2F}.Debug|Any CPU.ActiveCfg = Debug|Any CPU
		{6C0B1E26-D39D-4531-865D-640BD57B6E2F}.Debug|Any CPU.Build.0 = Debug|Any CPU
		{6C0B1E26-D39D-4531-865D-640BD57B6E2F}.Release|Any CPU.ActiveCfg = Release|Any CPU
		{6C0B1E26-D39D-4531-865D-640BD57B6E2F}.Release|Any CPU.Build.0 = Release|Any CPU
		{0603C85E-DEEC-4099-85F7-EC1570A43AFE}.Debug|Any CPU.ActiveCfg = Debug|Any CPU
		{0603C85E-DEEC-4099-85F7-EC1570A43AFE}.Debug|Any CPU.Build.0 = Debug|Any CPU
		{0603C85E-DEEC-4099-85F7-EC1570A43AFE}.Release|Any CPU.ActiveCfg = Release|Any CPU
		{0603C85E-DEEC-4099-85F7-EC1570A43AFE}.Release|Any CPU.Build.0 = Release|Any CPU
	EndGlobalSection
	GlobalSection(SolutionProperties) = preSolution
		HideSolutionNode = FALSE
	EndGlobalSection
	GlobalSection(ExtensibilityGlobals) = postSolution
		SolutionGuid = {C4D72488-307B-4E1E-9F38-606FABB9C7CA}
	EndGlobalSection
EndGlobal
